
Microsoft Visual Studio Solution File, Format Version 12.00
# Visual Studio Version 17
VisualStudioVersion = 17.0.31903.59
MinimumVisualStudioVersion = 10.0.40219.1
Project("{9A19103F-16F7-4668-BE54-9A1E7A4F7556}") = "AppWithLib", "src\AppWithLib\AppWithLib.csproj", "{52093C27-473C-44EE-96E7-778883E74705}"
EndProject
Project("{9A19103F-16F7-4668-BE54-9A1E7A4F7556}") = "Lib", "src\Lib\Lib.csproj", "{5BD2B02A-0F80-4ADC-AB40-E80341BB27DC}"
EndProject
Project("{9A19103F-16F7-4668-BE54-9A1E7A4F7556}") = "AppWithLibAsNuget", "src\AppWithLibAsNuGet\AppWithLibAsNuget.csproj", "{46F771F4-B1D1-4FEE-90E5-F2C6C7C2CA99}"
EndProject
Global
	GlobalSection(SolutionConfigurationPlatforms) = preSolution
		Debug|Any CPU = Debug|Any CPU
		Release|Any CPU = Release|Any CPU
	EndGlobalSection
	GlobalSection(ProjectConfigurationPlatforms) = postSolution
		{52093C27-473C-44EE-96E7-778883E74705}.Debug|Any CPU.ActiveCfg = Debug|Any CPU
		{52093C27-473C-44EE-96E7-778883E74705}.Debug|Any CPU.Build.0 = Debug|Any CPU
		{52093C27-473C-44EE-96E7-778883E74705}.Release|Any CPU.ActiveCfg = Release|Any CPU
		{52093C27-473C-44EE-96E7-778883E74705}.Release|Any CPU.Build.0 = Release|Any CPU
		{5BD2B02A-0F80-4ADC-AB40-E80341BB27DC}.Debug|Any CPU.ActiveCfg = Debug|Any CPU
		{5BD2B02A-0F80-4ADC-AB40-E80341BB27DC}.Debug|Any CPU.Build.0 = Debug|Any CPU
		{5BD2B02A-0F80-4ADC-AB40-E80341BB27DC}.Release|Any CPU.ActiveCfg = Release|Any CPU
		{5BD2B02A-0F80-4ADC-AB40-E80341BB27DC}.Release|Any CPU.Build.0 = Release|Any CPU
		{46F771F4-B1D1-4FEE-90E5-F2C6C7C2CA99}.Debug|Any CPU.ActiveCfg = Debug|Any CPU
		{46F771F4-B1D1-4FEE-90E5-F2C6C7C2CA99}.Debug|Any CPU.Build.0 = Debug|Any CPU
		{46F771F4-B1D1-4FEE-90E5-F2C6C7C2CA99}.Release|Any CPU.ActiveCfg = Release|Any CPU
		{46F771F4-B1D1-4FEE-90E5-F2C6C7C2CA99}.Release|Any CPU.Build.0 = Release|Any CPU
	EndGlobalSection
	GlobalSection(SolutionProperties) = preSolution
		HideSolutionNode = FALSE
	EndGlobalSection
	GlobalSection(ExtensibilityGlobals) = postSolution
		SolutionGuid = {35F3328A-AEEC-4806-A116-5AA4195FB4C0}
	EndGlobalSection
EndGlobal
